# THIS IS AN AUTOGENERATED FILE. DO NOT EDIT THIS FILE DIRECTLY.
# yarn lockfile v1


"@types/node@14.14.10":
  version "14.14.10"
  resolved "https://registry.yarnpkg.com/@types/node/-/node-14.14.10.tgz#5958a82e41863cfc71f2307b3748e3491ba03785"
  integrity sha512-J32dgx2hw8vXrSbu4ZlVhn1Nm3GbeCFNw2FWL8S5QKucHGY0cyNwjdQdO+KMBZ4wpmC7KhLCiNsdk1RFRIYUQQ==

"@ungap/promise-all-settled@1.1.2":
  version "1.1.2"
  resolved "https://registry.yarnpkg.com/@ungap/promise-all-settled/-/promise-all-settled-1.1.2.tgz#aa58042711d6e3275dd37dc597e5d31e8c290a44"
  integrity sha512-sL/cEvJWAnClXw0wHk85/2L0G6Sj8UB0Ctc1TEMbKSsmpRosqhwj9gWgFRZSrBr2f9tiXISwNhCPmlfqUqyb9Q==

has-flag@3.0.0:
  version "3.0.0"
  resolved "https://registry.yarnpkg.com/has-flag/-/has-flag-3.0.0.tgz#b5d454dc2199ae225699f3467e5a07f3b955bafd"
  integrity sha512-sKJf1+ceQBr4SMkvQnBDNDtf4TXpVhVGateu0t918bl30FnbE2m4vNLX+VWe/dpjlb+HugGYzW7uQXH98HPEYw==

progress@2.0.3:
  version "2.0.3"
  resolved "https://registry.yarnpkg.com/progress/-/progress-2.0.3.tgz#7e8cf8d8f5b8f239c1bc68beb4eb78567d572ef8"
  integrity sha512-7PiHtLll5LdnKIMw100I+8xJXR5gW2QwWYkT6iJva0bXitZKa/XMrSbdmg3r2Xnaidz9Qumd0VPaMrZlF9V9sA==
